<?xml version="1.0" encoding="UTF-8"?>
<!DOCTYPE plist PUBLIC "-//Apple//DTD PLIST 1.0//EN" "http://www.apple.com/DTDs/PropertyList-1.0.dtd">
<plist version="1.0">
<dict>
	<key>archiveVersion</key>
	<string>1</string>
	<key>classes</key>
	<dict/>
	<key>objectVersion</key>
	<string>46</string>
	<key>objects</key>
	<dict>
		<key>04E77C6F73C489E92AC74366</key>
		<dict>
			<key>explicitFileType</key>
			<string>archive.ar</string>
			<key>includeInIndex</key>
			<string>0</string>
			<key>isa</key>
			<string>PBXFileReference</string>
			<key>path</key>
			<string>libPods.a</string>
			<key>sourceTree</key>
			<string>BUILT_PRODUCTS_DIR</string>
		</dict>
		<key>0BD3815AE80EDA022698F9ED</key>
		<dict>
			<key>includeInIndex</key>
			<string>1</string>
			<key>isa</key>
			<string>PBXFileReference</string>
			<key>lastKnownFileType</key>
			<string>text.xcconfig</string>
			<key>name</key>
			<string>Pods.release.xcconfig</string>
			<key>path</key>
			<string>Pods/Target Support Files/Pods/Pods.release.xcconfig</string>
			<key>sourceTree</key>
			<string>&lt;group&gt;</string>
		</dict>
		<key>3968B57A387FBA1AE3C3A693</key>
		<dict>
			<key>children</key>
			<array>
				<string>96A0FE12C1D53A709E96081C</string>
				<string>0BD3815AE80EDA022698F9ED</string>
			</array>
			<key>isa</key>
			<string>PBXGroup</string>
			<key>name</key>
			<string>Pods</string>
			<key>sourceTree</key>
			<string>&lt;group&gt;</string>
		</dict>
		<key>43474AEF19DCAE0F006E546D</key>
		<dict>
			<key>fileEncoding</key>
			<string>4</string>
			<key>isa</key>
			<string>PBXFileReference</string>
			<key>lastKnownFileType</key>
			<string>sourcecode.c.h</string>
			<key>path</key>
			<string>BLCMediaTableViewCell.h</string>
			<key>sourceTree</key>
			<string>&lt;group&gt;</string>
		</dict>
		<key>43474AF019DCAE0F006E546D</key>
		<dict>
			<key>fileEncoding</key>
			<string>4</string>
			<key>isa</key>
			<string>PBXFileReference</string>
			<key>lastKnownFileType</key>
			<string>sourcecode.c.objc</string>
			<key>path</key>
			<string>BLCMediaTableViewCell.m</string>
			<key>sourceTree</key>
			<string>&lt;group&gt;</string>
		</dict>
		<key>43474AF119DCAE0F006E546D</key>
		<dict>
			<key>fileRef</key>
			<string>43474AF019DCAE0F006E546D</string>
			<key>isa</key>
			<string>PBXBuildFile</string>
		</dict>
		<key>436E70C919DA578F00D5C1C1</key>
		<dict>
			<key>children</key>
			<array>
				<string>43474AEF19DCAE0F006E546D</string>
				<string>43474AF019DCAE0F006E546D</string>
				<string>436E70DB19DA578F00D5C1C1</string>
				<string>436E70F419DA578F00D5C1C1</string>
				<string>436E70D419DA578F00D5C1C1</string>
				<string>436E70D319DA578F00D5C1C1</string>
				<string>3968B57A387FBA1AE3C3A693</string>
			</array>
			<key>isa</key>
			<string>PBXGroup</string>
			<key>sourceTree</key>
			<string>&lt;group&gt;</string>
		</dict>
		<key>436E70CA19DA578F00D5C1C1</key>
		<dict>
			<key>attributes</key>
			<dict>
				<key>CLASSPREFIX</key>
				<string>BLC</string>
				<key>LastUpgradeCheck</key>
				<string>0510</string>
				<key>ORGANIZATIONNAME</key>
				<string>Black Rail Capital</string>
				<key>TargetAttributes</key>
				<dict>
					<key>436E70EC19DA578F00D5C1C1</key>
					<dict>
						<key>TestTargetID</key>
						<string>436E70D119DA578F00D5C1C1</string>
					</dict>
				</dict>
			</dict>
			<key>buildConfigurationList</key>
			<string>436E70CD19DA578F00D5C1C1</string>
			<key>compatibilityVersion</key>
			<string>Xcode 3.2</string>
			<key>developmentRegion</key>
			<string>English</string>
			<key>hasScannedForEncodings</key>
			<string>0</string>
			<key>isa</key>
			<string>PBXProject</string>
			<key>knownRegions</key>
			<array>
				<string>en</string>
			</array>
			<key>mainGroup</key>
			<string>436E70C919DA578F00D5C1C1</string>
			<key>productRefGroup</key>
			<string>436E70D319DA578F00D5C1C1</string>
			<key>projectDirPath</key>
			<string></string>
			<key>projectReferences</key>
			<array/>
			<key>projectRoot</key>
			<string></string>
			<key>targets</key>
			<array>
				<string>436E70D119DA578F00D5C1C1</string>
				<string>436E70EC19DA578F00D5C1C1</string>
			</array>
		</dict>
		<key>436E70CD19DA578F00D5C1C1</key>
		<dict>
			<key>buildConfigurations</key>
			<array>
				<string>436E70FC19DA578F00D5C1C1</string>
				<string>436E70FD19DA578F00D5C1C1</string>
			</array>
			<key>defaultConfigurationIsVisible</key>
			<string>0</string>
			<key>defaultConfigurationName</key>
			<string>Release</string>
			<key>isa</key>
			<string>XCConfigurationList</string>
		</dict>
		<key>436E70CE19DA578F00D5C1C1</key>
		<dict>
			<key>buildActionMask</key>
			<string>2147483647</string>
			<key>files</key>
			<array>
				<string>4392005519DA60D8004B5E46</string>
				<string>436E70E619DA578F00D5C1C1</string>
				<string>436E70E219DA578F00D5C1C1</string>
				<string>436E711B19DA587900D5C1C1</string>
				<string>4392005819DA6137004B5E46</string>
				<string>4392005B19DA6253004B5E46</string>
				<string>43474AF119DCAE0F006E546D</string>
				<string>4392005E19DA635F004B5E46</string>
				<string>43B598D319E83C52002D35CE</string>
			</array>
			<key>isa</key>
			<string>PBXSourcesBuildPhase</string>
			<key>runOnlyForDeploymentPostprocessing</key>
			<string>0</string>
		</dict>
		<key>436E70CF19DA578F00D5C1C1</key>
		<dict>
			<key>buildActionMask</key>
			<string>2147483647</string>
			<key>files</key>
			<array>
				<string>436E70D819DA578F00D5C1C1</string>
				<string>436E70DA19DA578F00D5C1C1</string>
				<string>436E70D619DA578F00D5C1C1</string>
				<string>7680921E7D731F5AFEEEA412</string>
			</array>
			<key>isa</key>
			<string>PBXFrameworksBuildPhase</string>
			<key>runOnlyForDeploymentPostprocessing</key>
			<string>0</string>
		</dict>
		<key>436E70D019DA578F00D5C1C1</key>
		<dict>
			<key>buildActionMask</key>
			<string>2147483647</string>
			<key>files</key>
			<array>
				<string>436E711719DA583600D5C1C1</string>
				<string>436E711619DA583600D5C1C1</string>
				<string>436E711219DA583600D5C1C1</string>
				<string>436E711119DA583600D5C1C1</string>
				<string>436E711419DA583600D5C1C1</string>
				<string>436E710F19DA583600D5C1C1</string>
				<string>436E70E019DA578F00D5C1C1</string>
				<string>436E711319DA583600D5C1C1</string>
				<string>436E711519DA583600D5C1C1</string>
				<string>436E711019DA583600D5C1C1</string>
				<string>436E711819DA583600D5C1C1</string>
				<string>436E70E819DA578F00D5C1C1</string>
			</array>
			<key>isa</key>
			<string>PBXResourcesBuildPhase</string>
			<key>runOnlyForDeploymentPostprocessing</key>
			<string>0</string>
		</dict>
		<key>436E70D119DA578F00D5C1C1</key>
		<dict>
			<key>buildConfigurationList</key>
			<string>436E70FE19DA578F00D5C1C1</string>
			<key>buildPhases</key>
			<array>
				<string>80BC4228A3EABD46E1E1B8EF</string>
				<string>436E70CE19DA578F00D5C1C1</string>
				<string>436E70CF19DA578F00D5C1C1</string>
				<string>436E70D019DA578F00D5C1C1</string>
				<string>454A4B5779D2AD2F2524B49D</string>
			</array>
			<key>buildRules</key>
			<array/>
			<key>dependencies</key>
			<array/>
			<key>isa</key>
			<string>PBXNativeTarget</string>
			<key>name</key>
			<string>NewBlocstagram</string>
			<key>productName</key>
			<string>NewBlocstagram</string>
			<key>productReference</key>
			<string>436E70D219DA578F00D5C1C1</string>
			<key>productType</key>
			<string>com.apple.product-type.application</string>
		</dict>
		<key>436E70D219DA578F00D5C1C1</key>
		<dict>
			<key>explicitFileType</key>
			<string>wrapper.application</string>
			<key>includeInIndex</key>
			<string>0</string>
			<key>isa</key>
			<string>PBXFileReference</string>
			<key>path</key>
			<string>NewBlocstagram.app</string>
			<key>sourceTree</key>
			<string>BUILT_PRODUCTS_DIR</string>
		</dict>
		<key>436E70D319DA578F00D5C1C1</key>
		<dict>
			<key>children</key>
			<array>
				<string>436E70D219DA578F00D5C1C1</string>
				<string>436E70ED19DA578F00D5C1C1</string>
			</array>
			<key>isa</key>
			<string>PBXGroup</string>
			<key>name</key>
			<string>Products</string>
			<key>sourceTree</key>
			<string>&lt;group&gt;</string>
		</dict>
		<key>436E70D419DA578F00D5C1C1</key>
		<dict>
			<key>children</key>
			<array>
				<string>436E70D519DA578F00D5C1C1</string>
				<string>436E70D719DA578F00D5C1C1</string>
				<string>436E70D919DA578F00D5C1C1</string>
				<string>436E70EE19DA578F00D5C1C1</string>
				<string>04E77C6F73C489E92AC74366</string>
			</array>
			<key>isa</key>
			<string>PBXGroup</string>
			<key>name</key>
			<string>Frameworks</string>
			<key>sourceTree</key>
			<string>&lt;group&gt;</string>
		</dict>
		<key>436E70D519DA578F00D5C1C1</key>
		<dict>
			<key>isa</key>
			<string>PBXFileReference</string>
			<key>lastKnownFileType</key>
			<string>wrapper.framework</string>
			<key>name</key>
			<string>Foundation.framework</string>
			<key>path</key>
			<string>System/Library/Frameworks/Foundation.framework</string>
			<key>sourceTree</key>
			<string>SDKROOT</string>
		</dict>
		<key>436E70D619DA578F00D5C1C1</key>
		<dict>
			<key>fileRef</key>
			<string>436E70D519DA578F00D5C1C1</string>
			<key>isa</key>
			<string>PBXBuildFile</string>
		</dict>
		<key>436E70D719DA578F00D5C1C1</key>
		<dict>
			<key>isa</key>
			<string>PBXFileReference</string>
			<key>lastKnownFileType</key>
			<string>wrapper.framework</string>
			<key>name</key>
			<string>CoreGraphics.framework</string>
			<key>path</key>
			<string>System/Library/Frameworks/CoreGraphics.framework</string>
			<key>sourceTree</key>
			<string>SDKROOT</string>
		</dict>
		<key>436E70D819DA578F00D5C1C1</key>
		<dict>
			<key>fileRef</key>
			<string>436E70D719DA578F00D5C1C1</string>
			<key>isa</key>
			<string>PBXBuildFile</string>
		</dict>
		<key>436E70D919DA578F00D5C1C1</key>
		<dict>
			<key>isa</key>
			<string>PBXFileReference</string>
			<key>lastKnownFileType</key>
			<string>wrapper.framework</string>
			<key>name</key>
			<string>UIKit.framework</string>
			<key>path</key>
			<string>System/Library/Frameworks/UIKit.framework</string>
			<key>sourceTree</key>
			<string>SDKROOT</string>
		</dict>
		<key>436E70DA19DA578F00D5C1C1</key>
		<dict>
			<key>fileRef</key>
			<string>436E70D919DA578F00D5C1C1</string>
			<key>isa</key>
			<string>PBXBuildFile</string>
		</dict>
		<key>436E70DB19DA578F00D5C1C1</key>
		<dict>
			<key>children</key>
			<array>
				<string>4392005319DA60D8004B5E46</string>
				<string>4392005419DA60D8004B5E46</string>
				<string>436E710419DA57EF00D5C1C1</string>
				<string>436E70E419DA578F00D5C1C1</string>
				<string>436E70E519DA578F00D5C1C1</string>
				<string>436E711919DA587900D5C1C1</string>
				<string>436E711A19DA587900D5C1C1</string>
				<string>4392005619DA6137004B5E46</string>
				<string>4392005719DA6137004B5E46</string>
				<string>4392005919DA6253004B5E46</string>
				<string>4392005A19DA6253004B5E46</string>
				<string>4392005C19DA635F004B5E46</string>
				<string>4392005D19DA635F004B5E46</string>
				<string>43B598D119E83C52002D35CE</string>
				<string>43B598D219E83C52002D35CE</string>
				<string>436E70E719DA578F00D5C1C1</string>
				<string>436E70DC19DA578F00D5C1C1</string>
			</array>
			<key>isa</key>
			<string>PBXGroup</string>
			<key>path</key>
			<string>NewBlocstagram</string>
			<key>sourceTree</key>
			<string>&lt;group&gt;</string>
		</dict>
		<key>436E70DC19DA578F00D5C1C1</key>
		<dict>
			<key>children</key>
			<array>
				<string>436E70DD19DA578F00D5C1C1</string>
				<string>436E70DE19DA578F00D5C1C1</string>
				<string>436E70E119DA578F00D5C1C1</string>
				<string>436E70E319DA578F00D5C1C1</string>
			</array>
			<key>isa</key>
			<string>PBXGroup</string>
			<key>name</key>
			<string>Supporting Files</string>
			<key>sourceTree</key>
			<string>&lt;group&gt;</string>
		</dict>
		<key>436E70DD19DA578F00D5C1C1</key>
		<dict>
			<key>isa</key>
			<string>PBXFileReference</string>
			<key>lastKnownFileType</key>
			<string>text.plist.xml</string>
			<key>path</key>
			<string>NewBlocstagram-Info.plist</string>
			<key>sourceTree</key>
			<string>&lt;group&gt;</string>
		</dict>
		<key>436E70DE19DA578F00D5C1C1</key>
		<dict>
			<key>children</key>
			<array>
				<string>436E70DF19DA578F00D5C1C1</string>
			</array>
			<key>isa</key>
			<string>PBXVariantGroup</string>
			<key>name</key>
			<string>InfoPlist.strings</string>
			<key>sourceTree</key>
			<string>&lt;group&gt;</string>
		</dict>
		<key>436E70DF19DA578F00D5C1C1</key>
		<dict>
			<key>isa</key>
			<string>PBXFileReference</string>
			<key>lastKnownFileType</key>
			<string>text.plist.strings</string>
			<key>name</key>
			<string>en</string>
			<key>path</key>
			<string>en.lproj/InfoPlist.strings</string>
			<key>sourceTree</key>
			<string>&lt;group&gt;</string>
		</dict>
		<key>436E70E019DA578F00D5C1C1</key>
		<dict>
			<key>fileRef</key>
			<string>436E70DE19DA578F00D5C1C1</string>
			<key>isa</key>
			<string>PBXBuildFile</string>
		</dict>
		<key>436E70E119DA578F00D5C1C1</key>
		<dict>
			<key>isa</key>
			<string>PBXFileReference</string>
			<key>lastKnownFileType</key>
			<string>sourcecode.c.objc</string>
			<key>path</key>
			<string>main.m</string>
			<key>sourceTree</key>
			<string>&lt;group&gt;</string>
		</dict>
		<key>436E70E219DA578F00D5C1C1</key>
		<dict>
			<key>fileRef</key>
			<string>436E70E119DA578F00D5C1C1</string>
			<key>isa</key>
			<string>PBXBuildFile</string>
		</dict>
		<key>436E70E319DA578F00D5C1C1</key>
		<dict>
			<key>isa</key>
			<string>PBXFileReference</string>
			<key>lastKnownFileType</key>
			<string>sourcecode.c.h</string>
			<key>path</key>
			<string>NewBlocstagram-Prefix.pch</string>
			<key>sourceTree</key>
			<string>&lt;group&gt;</string>
		</dict>
		<key>436E70E419DA578F00D5C1C1</key>
		<dict>
			<key>isa</key>
			<string>PBXFileReference</string>
			<key>lastKnownFileType</key>
			<string>sourcecode.c.h</string>
			<key>path</key>
			<string>BLCAppDelegate.h</string>
			<key>sourceTree</key>
			<string>&lt;group&gt;</string>
		</dict>
		<key>436E70E519DA578F00D5C1C1</key>
		<dict>
			<key>isa</key>
			<string>PBXFileReference</string>
			<key>lastKnownFileType</key>
			<string>sourcecode.c.objc</string>
			<key>path</key>
			<string>BLCAppDelegate.m</string>
			<key>sourceTree</key>
			<string>&lt;group&gt;</string>
		</dict>
		<key>436E70E619DA578F00D5C1C1</key>
		<dict>
			<key>fileRef</key>
			<string>436E70E519DA578F00D5C1C1</string>
			<key>isa</key>
			<string>PBXBuildFile</string>
		</dict>
		<key>436E70E719DA578F00D5C1C1</key>
		<dict>
			<key>isa</key>
			<string>PBXFileReference</string>
			<key>lastKnownFileType</key>
			<string>folder.assetcatalog</string>
			<key>path</key>
			<string>Images.xcassets</string>
			<key>sourceTree</key>
			<string>&lt;group&gt;</string>
		</dict>
		<key>436E70E819DA578F00D5C1C1</key>
		<dict>
			<key>fileRef</key>
			<string>436E70E719DA578F00D5C1C1</string>
			<key>isa</key>
			<string>PBXBuildFile</string>
		</dict>
		<key>436E70E919DA578F00D5C1C1</key>
		<dict>
			<key>buildActionMask</key>
			<string>2147483647</string>
			<key>files</key>
			<array>
				<string>436E70FB19DA578F00D5C1C1</string>
			</array>
			<key>isa</key>
			<string>PBXSourcesBuildPhase</string>
			<key>runOnlyForDeploymentPostprocessing</key>
			<string>0</string>
		</dict>
		<key>436E70EA19DA578F00D5C1C1</key>
		<dict>
			<key>buildActionMask</key>
			<string>2147483647</string>
			<key>files</key>
			<array>
				<string>436E70EF19DA578F00D5C1C1</string>
				<string>436E70F119DA578F00D5C1C1</string>
				<string>436E70F019DA578F00D5C1C1</string>
			</array>
			<key>isa</key>
			<string>PBXFrameworksBuildPhase</string>
			<key>runOnlyForDeploymentPostprocessing</key>
			<string>0</string>
		</dict>
		<key>436E70EB19DA578F00D5C1C1</key>
		<dict>
			<key>buildActionMask</key>
			<string>2147483647</string>
			<key>files</key>
			<array>
				<string>436E70F919DA578F00D5C1C1</string>
			</array>
			<key>isa</key>
			<string>PBXResourcesBuildPhase</string>
			<key>runOnlyForDeploymentPostprocessing</key>
			<string>0</string>
		</dict>
		<key>436E70EC19DA578F00D5C1C1</key>
		<dict>
			<key>buildConfigurationList</key>
			<string>436E710119DA578F00D5C1C1</string>
			<key>buildPhases</key>
			<array>
				<string>436E70E919DA578F00D5C1C1</string>
				<string>436E70EA19DA578F00D5C1C1</string>
				<string>436E70EB19DA578F00D5C1C1</string>
			</array>
			<key>buildRules</key>
			<array/>
			<key>dependencies</key>
			<array>
				<string>436E70F319DA578F00D5C1C1</string>
			</array>
			<key>isa</key>
			<string>PBXNativeTarget</string>
			<key>name</key>
			<string>NewBlocstagramTests</string>
			<key>productName</key>
			<string>NewBlocstagramTests</string>
			<key>productReference</key>
			<string>436E70ED19DA578F00D5C1C1</string>
			<key>productType</key>
			<string>com.apple.product-type.bundle.unit-test</string>
		</dict>
		<key>436E70ED19DA578F00D5C1C1</key>
		<dict>
			<key>explicitFileType</key>
			<string>wrapper.cfbundle</string>
			<key>includeInIndex</key>
			<string>0</string>
			<key>isa</key>
			<string>PBXFileReference</string>
			<key>path</key>
			<string>NewBlocstagramTests.xctest</string>
			<key>sourceTree</key>
			<string>BUILT_PRODUCTS_DIR</string>
		</dict>
		<key>436E70EE19DA578F00D5C1C1</key>
		<dict>
			<key>isa</key>
			<string>PBXFileReference</string>
			<key>lastKnownFileType</key>
			<string>wrapper.framework</string>
			<key>name</key>
			<string>XCTest.framework</string>
			<key>path</key>
			<string>Library/Frameworks/XCTest.framework</string>
			<key>sourceTree</key>
			<string>DEVELOPER_DIR</string>
		</dict>
		<key>436E70EF19DA578F00D5C1C1</key>
		<dict>
			<key>fileRef</key>
			<string>436E70EE19DA578F00D5C1C1</string>
			<key>isa</key>
			<string>PBXBuildFile</string>
		</dict>
		<key>436E70F019DA578F00D5C1C1</key>
		<dict>
			<key>fileRef</key>
			<string>436E70D519DA578F00D5C1C1</string>
			<key>isa</key>
			<string>PBXBuildFile</string>
		</dict>
		<key>436E70F119DA578F00D5C1C1</key>
		<dict>
			<key>fileRef</key>
			<string>436E70D919DA578F00D5C1C1</string>
			<key>isa</key>
			<string>PBXBuildFile</string>
		</dict>
		<key>436E70F219DA578F00D5C1C1</key>
		<dict>
			<key>containerPortal</key>
			<string>436E70CA19DA578F00D5C1C1</string>
			<key>isa</key>
			<string>PBXContainerItemProxy</string>
			<key>proxyType</key>
			<string>1</string>
			<key>remoteGlobalIDString</key>
			<string>436E70D119DA578F00D5C1C1</string>
			<key>remoteInfo</key>
			<string>NewBlocstagram</string>
		</dict>
		<key>436E70F319DA578F00D5C1C1</key>
		<dict>
			<key>isa</key>
			<string>PBXTargetDependency</string>
			<key>target</key>
			<string>436E70D119DA578F00D5C1C1</string>
			<key>targetProxy</key>
			<string>436E70F219DA578F00D5C1C1</string>
		</dict>
		<key>436E70F419DA578F00D5C1C1</key>
		<dict>
			<key>children</key>
			<array>
				<string>436E70FA19DA578F00D5C1C1</string>
				<string>436E70F519DA578F00D5C1C1</string>
			</array>
			<key>isa</key>
			<string>PBXGroup</string>
			<key>path</key>
			<string>NewBlocstagramTests</string>
			<key>sourceTree</key>
			<string>&lt;group&gt;</string>
		</dict>
		<key>436E70F519DA578F00D5C1C1</key>
		<dict>
			<key>children</key>
			<array>
				<string>436E70F619DA578F00D5C1C1</string>
				<string>436E70F719DA578F00D5C1C1</string>
			</array>
			<key>isa</key>
			<string>PBXGroup</string>
			<key>name</key>
			<string>Supporting Files</string>
			<key>sourceTree</key>
			<string>&lt;group&gt;</string>
		</dict>
		<key>436E70F619DA578F00D5C1C1</key>
		<dict>
			<key>isa</key>
			<string>PBXFileReference</string>
			<key>lastKnownFileType</key>
			<string>text.plist.xml</string>
			<key>path</key>
			<string>NewBlocstagramTests-Info.plist</string>
			<key>sourceTree</key>
			<string>&lt;group&gt;</string>
		</dict>
		<key>436E70F719DA578F00D5C1C1</key>
		<dict>
			<key>children</key>
			<array>
				<string>436E70F819DA578F00D5C1C1</string>
			</array>
			<key>isa</key>
			<string>PBXVariantGroup</string>
			<key>name</key>
			<string>InfoPlist.strings</string>
			<key>sourceTree</key>
			<string>&lt;group&gt;</string>
		</dict>
		<key>436E70F819DA578F00D5C1C1</key>
		<dict>
			<key>isa</key>
			<string>PBXFileReference</string>
			<key>lastKnownFileType</key>
			<string>text.plist.strings</string>
			<key>name</key>
			<string>en</string>
			<key>path</key>
			<string>en.lproj/InfoPlist.strings</string>
			<key>sourceTree</key>
			<string>&lt;group&gt;</string>
		</dict>
		<key>436E70F919DA578F00D5C1C1</key>
		<dict>
			<key>fileRef</key>
			<string>436E70F719DA578F00D5C1C1</string>
			<key>isa</key>
			<string>PBXBuildFile</string>
		</dict>
		<key>436E70FA19DA578F00D5C1C1</key>
		<dict>
			<key>isa</key>
			<string>PBXFileReference</string>
			<key>lastKnownFileType</key>
			<string>sourcecode.c.objc</string>
			<key>path</key>
			<string>NewBlocstagramTests.m</string>
			<key>sourceTree</key>
			<string>&lt;group&gt;</string>
		</dict>
		<key>436E70FB19DA578F00D5C1C1</key>
		<dict>
			<key>fileRef</key>
			<string>436E70FA19DA578F00D5C1C1</string>
			<key>isa</key>
			<string>PBXBuildFile</string>
		</dict>
		<key>436E70FC19DA578F00D5C1C1</key>
		<dict>
			<key>buildSettings</key>
			<dict>
				<key>ALWAYS_SEARCH_USER_PATHS</key>
				<string>NO</string>
				<key>CLANG_CXX_LANGUAGE_STANDARD</key>
				<string>gnu++0x</string>
				<key>CLANG_CXX_LIBRARY</key>
				<string>libc++</string>
				<key>CLANG_ENABLE_MODULES</key>
				<string>YES</string>
				<key>CLANG_ENABLE_OBJC_ARC</key>
				<string>YES</string>
				<key>CLANG_WARN_BOOL_CONVERSION</key>
				<string>YES</string>
				<key>CLANG_WARN_CONSTANT_CONVERSION</key>
				<string>YES</string>
				<key>CLANG_WARN_DIRECT_OBJC_ISA_USAGE</key>
				<string>YES_ERROR</string>
				<key>CLANG_WARN_EMPTY_BODY</key>
				<string>YES</string>
				<key>CLANG_WARN_ENUM_CONVERSION</key>
				<string>YES</string>
				<key>CLANG_WARN_INT_CONVERSION</key>
				<string>YES</string>
				<key>CLANG_WARN_OBJC_ROOT_CLASS</key>
				<string>YES_ERROR</string>
				<key>CLANG_WARN__DUPLICATE_METHOD_MATCH</key>
				<string>YES</string>
				<key>CODE_SIGN_IDENTITY[sdk=iphoneos*]</key>
				<string>iPhone Developer</string>
				<key>COPY_PHASE_STRIP</key>
				<string>NO</string>
				<key>GCC_C_LANGUAGE_STANDARD</key>
				<string>gnu99</string>
				<key>GCC_DYNAMIC_NO_PIC</key>
				<string>NO</string>
				<key>GCC_OPTIMIZATION_LEVEL</key>
				<string>0</string>
				<key>GCC_PREPROCESSOR_DEFINITIONS</key>
				<array>
					<string>DEBUG=1</string>
					<string>$(inherited)</string>
				</array>
				<key>GCC_SYMBOLS_PRIVATE_EXTERN</key>
				<string>NO</string>
				<key>GCC_WARN_64_TO_32_BIT_CONVERSION</key>
				<string>YES</string>
				<key>GCC_WARN_ABOUT_RETURN_TYPE</key>
				<string>YES_ERROR</string>
				<key>GCC_WARN_UNDECLARED_SELECTOR</key>
				<string>YES</string>
				<key>GCC_WARN_UNINITIALIZED_AUTOS</key>
				<string>YES_AGGRESSIVE</string>
				<key>GCC_WARN_UNUSED_FUNCTION</key>
				<string>YES</string>
				<key>GCC_WARN_UNUSED_VARIABLE</key>
				<string>YES</string>
				<key>IPHONEOS_DEPLOYMENT_TARGET</key>
				<string>7.1</string>
				<key>ONLY_ACTIVE_ARCH</key>
				<string>YES</string>
				<key>SDKROOT</key>
				<string>iphoneos</string>
			</dict>
			<key>isa</key>
			<string>XCBuildConfiguration</string>
			<key>name</key>
			<string>Debug</string>
		</dict>
		<key>436E70FD19DA578F00D5C1C1</key>
		<dict>
			<key>buildSettings</key>
			<dict>
				<key>ALWAYS_SEARCH_USER_PATHS</key>
				<string>NO</string>
				<key>CLANG_CXX_LANGUAGE_STANDARD</key>
				<string>gnu++0x</string>
				<key>CLANG_CXX_LIBRARY</key>
				<string>libc++</string>
				<key>CLANG_ENABLE_MODULES</key>
				<string>YES</string>
				<key>CLANG_ENABLE_OBJC_ARC</key>
				<string>YES</string>
				<key>CLANG_WARN_BOOL_CONVERSION</key>
				<string>YES</string>
				<key>CLANG_WARN_CONSTANT_CONVERSION</key>
				<string>YES</string>
				<key>CLANG_WARN_DIRECT_OBJC_ISA_USAGE</key>
				<string>YES_ERROR</string>
				<key>CLANG_WARN_EMPTY_BODY</key>
				<string>YES</string>
				<key>CLANG_WARN_ENUM_CONVERSION</key>
				<string>YES</string>
				<key>CLANG_WARN_INT_CONVERSION</key>
				<string>YES</string>
				<key>CLANG_WARN_OBJC_ROOT_CLASS</key>
				<string>YES_ERROR</string>
				<key>CLANG_WARN__DUPLICATE_METHOD_MATCH</key>
				<string>YES</string>
				<key>CODE_SIGN_IDENTITY[sdk=iphoneos*]</key>
				<string>iPhone Developer</string>
				<key>COPY_PHASE_STRIP</key>
				<string>YES</string>
				<key>ENABLE_NS_ASSERTIONS</key>
				<string>NO</string>
				<key>GCC_C_LANGUAGE_STANDARD</key>
				<string>gnu99</string>
				<key>GCC_WARN_64_TO_32_BIT_CONVERSION</key>
				<string>YES</string>
				<key>GCC_WARN_ABOUT_RETURN_TYPE</key>
				<string>YES_ERROR</string>
				<key>GCC_WARN_UNDECLARED_SELECTOR</key>
				<string>YES</string>
				<key>GCC_WARN_UNINITIALIZED_AUTOS</key>
				<string>YES_AGGRESSIVE</string>
				<key>GCC_WARN_UNUSED_FUNCTION</key>
				<string>YES</string>
				<key>GCC_WARN_UNUSED_VARIABLE</key>
				<string>YES</string>
				<key>IPHONEOS_DEPLOYMENT_TARGET</key>
				<string>7.1</string>
				<key>SDKROOT</key>
				<string>iphoneos</string>
				<key>VALIDATE_PRODUCT</key>
				<string>YES</string>
			</dict>
			<key>isa</key>
			<string>XCBuildConfiguration</string>
			<key>name</key>
			<string>Release</string>
		</dict>
		<key>436E70FE19DA578F00D5C1C1</key>
		<dict>
			<key>buildConfigurations</key>
			<array>
				<string>436E70FF19DA578F00D5C1C1</string>
				<string>436E710019DA578F00D5C1C1</string>
			</array>
			<key>defaultConfigurationIsVisible</key>
			<string>0</string>
			<key>defaultConfigurationName</key>
			<string>Release</string>
			<key>isa</key>
			<string>XCConfigurationList</string>
		</dict>
		<key>436E70FF19DA578F00D5C1C1</key>
		<dict>
			<key>baseConfigurationReference</key>
			<string>96A0FE12C1D53A709E96081C</string>
			<key>buildSettings</key>
			<dict>
				<key>ASSETCATALOG_COMPILER_APPICON_NAME</key>
				<string>AppIcon</string>
				<key>ASSETCATALOG_COMPILER_LAUNCHIMAGE_NAME</key>
				<string>LaunchImage</string>
				<key>GCC_PRECOMPILE_PREFIX_HEADER</key>
				<string>YES</string>
				<key>GCC_PREFIX_HEADER</key>
				<string>NewBlocstagram/NewBlocstagram-Prefix.pch</string>
				<key>INFOPLIST_FILE</key>
				<string>NewBlocstagram/NewBlocstagram-Info.plist</string>
				<key>PRODUCT_NAME</key>
				<string>$(TARGET_NAME)</string>
				<key>WRAPPER_EXTENSION</key>
				<string>app</string>
			</dict>
			<key>isa</key>
			<string>XCBuildConfiguration</string>
			<key>name</key>
			<string>Debug</string>
		</dict>
		<key>436E710019DA578F00D5C1C1</key>
		<dict>
			<key>baseConfigurationReference</key>
			<string>0BD3815AE80EDA022698F9ED</string>
			<key>buildSettings</key>
			<dict>
				<key>ASSETCATALOG_COMPILER_APPICON_NAME</key>
				<string>AppIcon</string>
				<key>ASSETCATALOG_COMPILER_LAUNCHIMAGE_NAME</key>
				<string>LaunchImage</string>
				<key>GCC_PRECOMPILE_PREFIX_HEADER</key>
				<string>YES</string>
				<key>GCC_PREFIX_HEADER</key>
				<string>NewBlocstagram/NewBlocstagram-Prefix.pch</string>
				<key>INFOPLIST_FILE</key>
				<string>NewBlocstagram/NewBlocstagram-Info.plist</string>
				<key>PRODUCT_NAME</key>
				<string>$(TARGET_NAME)</string>
				<key>WRAPPER_EXTENSION</key>
				<string>app</string>
			</dict>
			<key>isa</key>
			<string>XCBuildConfiguration</string>
			<key>name</key>
			<string>Release</string>
		</dict>
		<key>436E710119DA578F00D5C1C1</key>
		<dict>
			<key>buildConfigurations</key>
			<array>
				<string>436E710219DA578F00D5C1C1</string>
				<string>436E710319DA578F00D5C1C1</string>
			</array>
			<key>defaultConfigurationIsVisible</key>
			<string>0</string>
			<key>defaultConfigurationName</key>
			<string>Release</string>
			<key>isa</key>
			<string>XCConfigurationList</string>
		</dict>
		<key>436E710219DA578F00D5C1C1</key>
		<dict>
			<key>buildSettings</key>
			<dict>
				<key>BUNDLE_LOADER</key>
				<string>$(BUILT_PRODUCTS_DIR)/NewBlocstagram.app/NewBlocstagram</string>
				<key>FRAMEWORK_SEARCH_PATHS</key>
				<array>
					<string>$(SDKROOT)/Developer/Library/Frameworks</string>
					<string>$(inherited)</string>
					<string>$(DEVELOPER_FRAMEWORKS_DIR)</string>
				</array>
				<key>GCC_PRECOMPILE_PREFIX_HEADER</key>
				<string>YES</string>
				<key>GCC_PREFIX_HEADER</key>
				<string>NewBlocstagram/NewBlocstagram-Prefix.pch</string>
				<key>GCC_PREPROCESSOR_DEFINITIONS</key>
				<array>
					<string>DEBUG=1</string>
					<string>$(inherited)</string>
				</array>
				<key>INFOPLIST_FILE</key>
				<string>NewBlocstagramTests/NewBlocstagramTests-Info.plist</string>
				<key>PRODUCT_NAME</key>
				<string>$(TARGET_NAME)</string>
				<key>TEST_HOST</key>
				<string>$(BUNDLE_LOADER)</string>
				<key>WRAPPER_EXTENSION</key>
				<string>xctest</string>
			</dict>
			<key>isa</key>
			<string>XCBuildConfiguration</string>
			<key>name</key>
			<string>Debug</string>
		</dict>
		<key>436E710319DA578F00D5C1C1</key>
		<dict>
			<key>buildSettings</key>
			<dict>
				<key>BUNDLE_LOADER</key>
				<string>$(BUILT_PRODUCTS_DIR)/NewBlocstagram.app/NewBlocstagram</string>
				<key>FRAMEWORK_SEARCH_PATHS</key>
				<array>
					<string>$(SDKROOT)/Developer/Library/Frameworks</string>
					<string>$(inherited)</string>
					<string>$(DEVELOPER_FRAMEWORKS_DIR)</string>
				</array>
				<key>GCC_PRECOMPILE_PREFIX_HEADER</key>
				<string>YES</string>
				<key>GCC_PREFIX_HEADER</key>
				<string>NewBlocstagram/NewBlocstagram-Prefix.pch</string>
				<key>INFOPLIST_FILE</key>
				<string>NewBlocstagramTests/NewBlocstagramTests-Info.plist</string>
				<key>PRODUCT_NAME</key>
				<string>$(TARGET_NAME)</string>
				<key>TEST_HOST</key>
				<string>$(BUNDLE_LOADER)</string>
				<key>WRAPPER_EXTENSION</key>
				<string>xctest</string>
			</dict>
			<key>isa</key>
			<string>XCBuildConfiguration</string>
			<key>name</key>
			<string>Release</string>
		</dict>
		<key>436E710419DA57EF00D5C1C1</key>
		<dict>
			<key>children</key>
			<array>
				<string>436E710519DA583600D5C1C1</string>
				<string>436E710619DA583600D5C1C1</string>
				<string>436E710719DA583600D5C1C1</string>
				<string>436E710819DA583600D5C1C1</string>
				<string>436E710919DA583600D5C1C1</string>
				<string>436E710A19DA583600D5C1C1</string>
				<string>436E710B19DA583600D5C1C1</string>
				<string>436E710C19DA583600D5C1C1</string>
				<string>436E710D19DA583600D5C1C1</string>
				<string>436E710E19DA583600D5C1C1</string>
			</array>
			<key>isa</key>
			<string>PBXGroup</string>
			<key>name</key>
			<string>Images</string>
			<key>sourceTree</key>
			<string>&lt;group&gt;</string>
		</dict>
		<key>436E710519DA583600D5C1C1</key>
		<dict>
			<key>isa</key>
			<string>PBXFileReference</string>
			<key>lastKnownFileType</key>
			<string>image.jpeg</string>
			<key>path</key>
			<string>1.jpg</string>
			<key>sourceTree</key>
			<string>&lt;group&gt;</string>
		</dict>
		<key>436E710619DA583600D5C1C1</key>
		<dict>
			<key>isa</key>
			<string>PBXFileReference</string>
			<key>lastKnownFileType</key>
			<string>image.jpeg</string>
			<key>path</key>
			<string>2.jpg</string>
			<key>sourceTree</key>
			<string>&lt;group&gt;</string>
		</dict>
		<key>436E710719DA583600D5C1C1</key>
		<dict>
			<key>isa</key>
			<string>PBXFileReference</string>
			<key>lastKnownFileType</key>
			<string>image.jpeg</string>
			<key>path</key>
			<string>3.jpg</string>
			<key>sourceTree</key>
			<string>&lt;group&gt;</string>
		</dict>
		<key>436E710819DA583600D5C1C1</key>
		<dict>
			<key>isa</key>
			<string>PBXFileReference</string>
			<key>lastKnownFileType</key>
			<string>image.jpeg</string>
			<key>path</key>
			<string>4.jpg</string>
			<key>sourceTree</key>
			<string>&lt;group&gt;</string>
		</dict>
		<key>436E710919DA583600D5C1C1</key>
		<dict>
			<key>isa</key>
			<string>PBXFileReference</string>
			<key>lastKnownFileType</key>
			<string>image.jpeg</string>
			<key>path</key>
			<string>5.jpg</string>
			<key>sourceTree</key>
			<string>&lt;group&gt;</string>
		</dict>
		<key>436E710A19DA583600D5C1C1</key>
		<dict>
			<key>isa</key>
			<string>PBXFileReference</string>
			<key>lastKnownFileType</key>
			<string>image.jpeg</string>
			<key>path</key>
			<string>6.jpg</string>
			<key>sourceTree</key>
			<string>&lt;group&gt;</string>
		</dict>
		<key>436E710B19DA583600D5C1C1</key>
		<dict>
			<key>isa</key>
			<string>PBXFileReference</string>
			<key>lastKnownFileType</key>
			<string>image.jpeg</string>
			<key>path</key>
			<string>7.jpg</string>
			<key>sourceTree</key>
			<string>&lt;group&gt;</string>
		</dict>
		<key>436E710C19DA583600D5C1C1</key>
		<dict>
			<key>isa</key>
			<string>PBXFileReference</string>
			<key>lastKnownFileType</key>
			<string>image.jpeg</string>
			<key>path</key>
			<string>8.jpg</string>
			<key>sourceTree</key>
			<string>&lt;group&gt;</string>
		</dict>
		<key>436E710D19DA583600D5C1C1</key>
		<dict>
			<key>isa</key>
			<string>PBXFileReference</string>
			<key>lastKnownFileType</key>
			<string>image.jpeg</string>
			<key>path</key>
			<string>9.jpg</string>
			<key>sourceTree</key>
			<string>&lt;group&gt;</string>
		</dict>
		<key>436E710E19DA583600D5C1C1</key>
		<dict>
			<key>isa</key>
			<string>PBXFileReference</string>
			<key>lastKnownFileType</key>
			<string>image.jpeg</string>
			<key>path</key>
			<string>10.jpg</string>
			<key>sourceTree</key>
			<string>&lt;group&gt;</string>
		</dict>
		<key>436E710F19DA583600D5C1C1</key>
		<dict>
			<key>fileRef</key>
			<string>436E710519DA583600D5C1C1</string>
			<key>isa</key>
			<string>PBXBuildFile</string>
		</dict>
		<key>436E711019DA583600D5C1C1</key>
		<dict>
			<key>fileRef</key>
			<string>436E710619DA583600D5C1C1</string>
			<key>isa</key>
			<string>PBXBuildFile</string>
		</dict>
		<key>436E711119DA583600D5C1C1</key>
		<dict>
			<key>fileRef</key>
			<string>436E710719DA583600D5C1C1</string>
			<key>isa</key>
			<string>PBXBuildFile</string>
		</dict>
		<key>436E711219DA583600D5C1C1</key>
		<dict>
			<key>fileRef</key>
			<string>436E710819DA583600D5C1C1</string>
			<key>isa</key>
			<string>PBXBuildFile</string>
		</dict>
		<key>436E711319DA583600D5C1C1</key>
		<dict>
			<key>fileRef</key>
			<string>436E710919DA583600D5C1C1</string>
			<key>isa</key>
			<string>PBXBuildFile</string>
		</dict>
		<key>436E711419DA583600D5C1C1</key>
		<dict>
			<key>fileRef</key>
			<string>436E710A19DA583600D5C1C1</string>
			<key>isa</key>
			<string>PBXBuildFile</string>
		</dict>
		<key>436E711519DA583600D5C1C1</key>
		<dict>
			<key>fileRef</key>
			<string>436E710B19DA583600D5C1C1</string>
			<key>isa</key>
			<string>PBXBuildFile</string>
		</dict>
		<key>436E711619DA583600D5C1C1</key>
		<dict>
			<key>fileRef</key>
			<string>436E710C19DA583600D5C1C1</string>
			<key>isa</key>
			<string>PBXBuildFile</string>
		</dict>
		<key>436E711719DA583600D5C1C1</key>
		<dict>
			<key>fileRef</key>
			<string>436E710D19DA583600D5C1C1</string>
			<key>isa</key>
			<string>PBXBuildFile</string>
		</dict>
		<key>436E711819DA583600D5C1C1</key>
		<dict>
			<key>fileRef</key>
			<string>436E710E19DA583600D5C1C1</string>
			<key>isa</key>
			<string>PBXBuildFile</string>
		</dict>
		<key>436E711919DA587900D5C1C1</key>
		<dict>
			<key>fileEncoding</key>
			<string>4</string>
			<key>isa</key>
			<string>PBXFileReference</string>
			<key>lastKnownFileType</key>
			<string>sourcecode.c.h</string>
			<key>path</key>
			<string>BLCImagesTableViewController.h</string>
			<key>sourceTree</key>
			<string>&lt;group&gt;</string>
		</dict>
		<key>436E711A19DA587900D5C1C1</key>
		<dict>
			<key>fileEncoding</key>
			<string>4</string>
			<key>isa</key>
			<string>PBXFileReference</string>
			<key>lastKnownFileType</key>
			<string>sourcecode.c.objc</string>
			<key>path</key>
			<string>BLCImagesTableViewController.m</string>
			<key>sourceTree</key>
			<string>&lt;group&gt;</string>
		</dict>
		<key>436E711B19DA587900D5C1C1</key>
		<dict>
			<key>fileRef</key>
			<string>436E711A19DA587900D5C1C1</string>
			<key>isa</key>
			<string>PBXBuildFile</string>
		</dict>
		<key>4392005319DA60D8004B5E46</key>
		<dict>
			<key>fileEncoding</key>
			<string>4</string>
			<key>isa</key>
			<string>PBXFileReference</string>
			<key>lastKnownFileType</key>
			<string>sourcecode.c.h</string>
			<key>path</key>
			<string>BLCUser.h</string>
			<key>sourceTree</key>
			<string>&lt;group&gt;</string>
		</dict>
		<key>4392005419DA60D8004B5E46</key>
		<dict>
			<key>fileEncoding</key>
			<string>4</string>
			<key>isa</key>
			<string>PBXFileReference</string>
			<key>lastKnownFileType</key>
			<string>sourcecode.c.objc</string>
			<key>path</key>
			<string>BLCUser.m</string>
			<key>sourceTree</key>
			<string>&lt;group&gt;</string>
		</dict>
		<key>4392005519DA60D8004B5E46</key>
		<dict>
			<key>fileRef</key>
			<string>4392005419DA60D8004B5E46</string>
			<key>isa</key>
			<string>PBXBuildFile</string>
		</dict>
		<key>4392005619DA6137004B5E46</key>
		<dict>
			<key>fileEncoding</key>
			<string>4</string>
			<key>isa</key>
			<string>PBXFileReference</string>
			<key>lastKnownFileType</key>
			<string>sourcecode.c.h</string>
			<key>path</key>
			<string>BLCMedia.h</string>
			<key>sourceTree</key>
			<string>&lt;group&gt;</string>
		</dict>
		<key>4392005719DA6137004B5E46</key>
		<dict>
			<key>fileEncoding</key>
			<string>4</string>
			<key>isa</key>
			<string>PBXFileReference</string>
			<key>lastKnownFileType</key>
			<string>sourcecode.c.objc</string>
			<key>path</key>
			<string>BLCMedia.m</string>
			<key>sourceTree</key>
			<string>&lt;group&gt;</string>
		</dict>
		<key>4392005819DA6137004B5E46</key>
		<dict>
			<key>fileRef</key>
			<string>4392005719DA6137004B5E46</string>
			<key>isa</key>
			<string>PBXBuildFile</string>
		</dict>
		<key>4392005919DA6253004B5E46</key>
		<dict>
			<key>fileEncoding</key>
			<string>4</string>
			<key>isa</key>
			<string>PBXFileReference</string>
			<key>lastKnownFileType</key>
			<string>sourcecode.c.h</string>
			<key>path</key>
			<string>BLCComment.h</string>
			<key>sourceTree</key>
			<string>&lt;group&gt;</string>
		</dict>
		<key>4392005A19DA6253004B5E46</key>
		<dict>
			<key>fileEncoding</key>
			<string>4</string>
			<key>isa</key>
			<string>PBXFileReference</string>
			<key>lastKnownFileType</key>
			<string>sourcecode.c.objc</string>
			<key>path</key>
			<string>BLCComment.m</string>
			<key>sourceTree</key>
			<string>&lt;group&gt;</string>
		</dict>
		<key>4392005B19DA6253004B5E46</key>
		<dict>
			<key>fileRef</key>
			<string>4392005A19DA6253004B5E46</string>
			<key>isa</key>
			<string>PBXBuildFile</string>
		</dict>
		<key>4392005C19DA635F004B5E46</key>
		<dict>
			<key>fileEncoding</key>
			<string>4</string>
			<key>isa</key>
			<string>PBXFileReference</string>
			<key>lastKnownFileType</key>
			<string>sourcecode.c.h</string>
			<key>path</key>
			<string>BLCDataSource.h</string>
			<key>sourceTree</key>
			<string>&lt;group&gt;</string>
		</dict>
		<key>4392005D19DA635F004B5E46</key>
		<dict>
			<key>fileEncoding</key>
			<string>4</string>
			<key>isa</key>
			<string>PBXFileReference</string>
			<key>lastKnownFileType</key>
			<string>sourcecode.c.objc</string>
			<key>path</key>
			<string>BLCDataSource.m</string>
			<key>sourceTree</key>
			<string>&lt;group&gt;</string>
		</dict>
		<key>4392005E19DA635F004B5E46</key>
		<dict>
			<key>fileRef</key>
			<string>4392005D19DA635F004B5E46</string>
			<key>isa</key>
			<string>PBXBuildFile</string>
		</dict>
		<key>43B598D119E83C52002D35CE</key>
		<dict>
			<key>fileEncoding</key>
			<string>4</string>
			<key>isa</key>
			<string>PBXFileReference</string>
			<key>lastKnownFileType</key>
			<string>sourcecode.c.h</string>
			<key>path</key>
			<string>BLCLoginViewController.h</string>
			<key>sourceTree</key>
			<string>&lt;group&gt;</string>
		</dict>
		<key>43B598D219E83C52002D35CE</key>
		<dict>
			<key>fileEncoding</key>
			<string>4</string>
			<key>isa</key>
			<string>PBXFileReference</string>
			<key>lastKnownFileType</key>
			<string>sourcecode.c.objc</string>
			<key>path</key>
			<string>BLCLoginViewController.m</string>
			<key>sourceTree</key>
			<string>&lt;group&gt;</string>
		</dict>
		<key>43B598D319E83C52002D35CE</key>
		<dict>
			<key>fileRef</key>
			<string>43B598D219E83C52002D35CE</string>
			<key>isa</key>
			<string>PBXBuildFile</string>
		</dict>
		<key>454A4B5779D2AD2F2524B49D</key>
		<dict>
			<key>buildActionMask</key>
			<string>2147483647</string>
			<key>files</key>
			<array/>
			<key>inputPaths</key>
			<array/>
			<key>isa</key>
			<string>PBXShellScriptBuildPhase</string>
			<key>name</key>
			<string>Copy Pods Resources</string>
			<key>outputPaths</key>
			<array/>
			<key>runOnlyForDeploymentPostprocessing</key>
			<string>0</string>
			<key>shellPath</key>
			<string>/bin/sh</string>
			<key>shellScript</key>
			<string>"${SRCROOT}/Pods/Target Support Files/Pods/Pods-resources.sh"
</string>
			<key>showEnvVarsInLog</key>
			<string>0</string>
		</dict>
		<key>7680921E7D731F5AFEEEA412</key>
		<dict>
			<key>fileRef</key>
			<string>04E77C6F73C489E92AC74366</string>
			<key>isa</key>
			<string>PBXBuildFile</string>
		</dict>
		<key>80BC4228A3EABD46E1E1B8EF</key>
		<dict>
			<key>buildActionMask</key>
			<string>2147483647</string>
			<key>files</key>
			<array/>
			<key>inputPaths</key>
			<array/>
			<key>isa</key>
			<string>PBXShellScriptBuildPhase</string>
			<key>name</key>
			<string>Check Pods Manifest.lock</string>
			<key>outputPaths</key>
			<array/>
			<key>runOnlyForDeploymentPostprocessing</key>
			<string>0</string>
			<key>shellPath</key>
			<string>/bin/sh</string>
			<key>shellScript</key>
			<string>diff "${PODS_ROOT}/../Podfile.lock" "${PODS_ROOT}/Manifest.lock" &gt; /dev/null
if [[ $? != 0 ]] ; then
    cat &lt;&lt; EOM
error: The sandbox is not in sync with the Podfile.lock. Run 'pod install' or update your CocoaPods installation.
EOM
    exit 1
fi
</string>
			<key>showEnvVarsInLog</key>
			<string>0</string>
		</dict>
		<key>96A0FE12C1D53A709E96081C</key>
		<dict>
			<key>includeInIndex</key>
			<string>1</string>
			<key>isa</key>
			<string>PBXFileReference</string>
			<key>lastKnownFileType</key>
			<string>text.xcconfig</string>
			<key>name</key>
			<string>Pods.debug.xcconfig</string>
			<key>path</key>
			<string>Pods/Target Support Files/Pods/Pods.debug.xcconfig</string>
			<key>sourceTree</key>
			<string>&lt;group&gt;</string>
		</dict>
	</dict>
	<key>rootObject</key>
	<string>436E70CA19DA578F00D5C1C1</string>
</dict>
</plist>
