// !$*UTF8*$!
{
	archiveVersion = 1;
	classes = {
	};
	objectVersion = 46;
	objects = {

/* Begin PBXBuildFile section */
		43474AF119DCAE0F006E546D /* BLCMediaTableViewCell.m in Sources */ = {isa = PBXBuildFile; fileRef = 43474AF019DCAE0F006E546D /* BLCMediaTableViewCell.m */; };
		436E70D619DA578F00D5C1C1 /* Foundation.framework in Frameworks */ = {isa = PBXBuildFile; fileRef = 436E70D519DA578F00D5C1C1 /* Foundation.framework */; };
		436E70D819DA578F00D5C1C1 /* CoreGraphics.framework in Frameworks */ = {isa = PBXBuildFile; fileRef = 436E70D719DA578F00D5C1C1 /* CoreGraphics.framework */; };
		436E70DA19DA578F00D5C1C1 /* UIKit.framework in Frameworks */ = {isa = PBXBuildFile; fileRef = 436E70D919DA578F00D5C1C1 /* UIKit.framework */; };
		436E70E019DA578F00D5C1C1 /* InfoPlist.strings in Resources */ = {isa = PBXBuildFile; fileRef = 436E70DE19DA578F00D5C1C1 /* InfoPlist.strings */; };
		436E70E219DA578F00D5C1C1 /* main.m in Sources */ = {isa = PBXBuildFile; fileRef = 436E70E119DA578F00D5C1C1 /* main.m */; };
		436E70E619DA578F00D5C1C1 /* BLCAppDelegate.m in Sources */ = {isa = PBXBuildFile; fileRef = 436E70E519DA578F00D5C1C1 /* BLCAppDelegate.m */; };
		436E70E819DA578F00D5C1C1 /* Images.xcassets in Resources */ = {isa = PBXBuildFile; fileRef = 436E70E719DA578F00D5C1C1 /* Images.xcassets */; };
		436E70EF19DA578F00D5C1C1 /* XCTest.framework in Frameworks */ = {isa = PBXBuildFile; fileRef = 436E70EE19DA578F00D5C1C1 /* XCTest.framework */; };
		436E70F019DA578F00D5C1C1 /* Foundation.framework in Frameworks */ = {isa = PBXBuildFile; fileRef = 436E70D519DA578F00D5C1C1 /* Foundation.framework */; };
		436E70F119DA578F00D5C1C1 /* UIKit.framework in Frameworks */ = {isa = PBXBuildFile; fileRef = 436E70D919DA578F00D5C1C1 /* UIKit.framework */; };
		436E70F919DA578F00D5C1C1 /* InfoPlist.strings in Resources */ = {isa = PBXBuildFile; fileRef = 436E70F719DA578F00D5C1C1 /* InfoPlist.strings */; };
		436E70FB19DA578F00D5C1C1 /* NewBlocstagramTests.m in Sources */ = {isa = PBXBuildFile; fileRef = 436E70FA19DA578F00D5C1C1 /* NewBlocstagramTests.m */; };
		436E710F19DA583600D5C1C1 /* 1.jpg in Resources */ = {isa = PBXBuildFile; fileRef = 436E710519DA583600D5C1C1 /* 1.jpg */; };
		436E711019DA583600D5C1C1 /* 2.jpg in Resources */ = {isa = PBXBuildFile; fileRef = 436E710619DA583600D5C1C1 /* 2.jpg */; };
		436E711119DA583600D5C1C1 /* 3.jpg in Resources */ = {isa = PBXBuildFile; fileRef = 436E710719DA583600D5C1C1 /* 3.jpg */; };
		436E711219DA583600D5C1C1 /* 4.jpg in Resources */ = {isa = PBXBuildFile; fileRef = 436E710819DA583600D5C1C1 /* 4.jpg */; };
		436E711319DA583600D5C1C1 /* 5.jpg in Resources */ = {isa = PBXBuildFile; fileRef = 436E710919DA583600D5C1C1 /* 5.jpg */; };
		436E711419DA583600D5C1C1 /* 6.jpg in Resources */ = {isa = PBXBuildFile; fileRef = 436E710A19DA583600D5C1C1 /* 6.jpg */; };
		436E711519DA583600D5C1C1 /* 7.jpg in Resources */ = {isa = PBXBuildFile; fileRef = 436E710B19DA583600D5C1C1 /* 7.jpg */; };
		436E711619DA583600D5C1C1 /* 8.jpg in Resources */ = {isa = PBXBuildFile; fileRef = 436E710C19DA583600D5C1C1 /* 8.jpg */; };
		436E711719DA583600D5C1C1 /* 9.jpg in Resources */ = {isa = PBXBuildFile; fileRef = 436E710D19DA583600D5C1C1 /* 9.jpg */; };
		436E711819DA583600D5C1C1 /* 10.jpg in Resources */ = {isa = PBXBuildFile; fileRef = 436E710E19DA583600D5C1C1 /* 10.jpg */; };
		436E711B19DA587900D5C1C1 /* BLCImagesTableViewController.m in Sources */ = {isa = PBXBuildFile; fileRef = 436E711A19DA587900D5C1C1 /* BLCImagesTableViewController.m */; };
		4392005519DA60D8004B5E46 /* BLCUser.m in Sources */ = {isa = PBXBuildFile; fileRef = 4392005419DA60D8004B5E46 /* BLCUser.m */; };
		4392005819DA6137004B5E46 /* BLCMedia.m in Sources */ = {isa = PBXBuildFile; fileRef = 4392005719DA6137004B5E46 /* BLCMedia.m */; };
		4392005B19DA6253004B5E46 /* BLCComment.m in Sources */ = {isa = PBXBuildFile; fileRef = 4392005A19DA6253004B5E46 /* BLCComment.m */; };
		4392005E19DA635F004B5E46 /* BLCDataSource.m in Sources */ = {isa = PBXBuildFile; fileRef = 4392005D19DA635F004B5E46 /* BLCDataSource.m */; };
		43B598D319E83C52002D35CE /* BLCLoginViewController.m in Sources */ = {isa = PBXBuildFile; fileRef = 43B598D219E83C52002D35CE /* BLCLoginViewController.m */; };
		43DC720819EF22860095EA72 /* BLCMediaFullScreenViewController.m in Sources */ = {isa = PBXBuildFile; fileRef = 43DC720719EF22860095EA72 /* BLCMediaFullScreenViewController.m */; };
		43DC720B19EF67C50095EA72 /* BLCMediaFullScreenAnimator.m in Sources */ = {isa = PBXBuildFile; fileRef = 43DC720A19EF67C50095EA72 /* BLCMediaFullScreenAnimator.m */; };
		7680921E7D731F5AFEEEA412 /* libPods.a in Frameworks */ = {isa = PBXBuildFile; fileRef = 04E77C6F73C489E92AC74366 /* libPods.a */; };
/* End PBXBuildFile section */

/* Begin PBXContainerItemProxy section */
		436E70F219DA578F00D5C1C1 /* PBXContainerItemProxy */ = {
			isa = PBXContainerItemProxy;
			containerPortal = 436E70CA19DA578F00D5C1C1 /* Project object */;
			proxyType = 1;
			remoteGlobalIDString = 436E70D119DA578F00D5C1C1;
			remoteInfo = NewBlocstagram;
		};
/* End PBXContainerItemProxy section */

/* Begin PBXFileReference section */
		04E77C6F73C489E92AC74366 /* libPods.a */ = {isa = PBXFileReference; explicitFileType = archive.ar; includeInIndex = 0; path = libPods.a; sourceTree = BUILT_PRODUCTS_DIR; };
		0BD3815AE80EDA022698F9ED /* Pods.release.xcconfig */ = {isa = PBXFileReference; includeInIndex = 1; lastKnownFileType = text.xcconfig; name = Pods.release.xcconfig; path = "Pods/Target Support Files/Pods/Pods.release.xcconfig"; sourceTree = "<group>"; };
		43474AEF19DCAE0F006E546D /* BLCMediaTableViewCell.h */ = {isa = PBXFileReference; fileEncoding = 4; lastKnownFileType = sourcecode.c.h; name = BLCMediaTableViewCell.h; path = ../BLCMediaTableViewCell.h; sourceTree = "<group>"; };
		43474AF019DCAE0F006E546D /* BLCMediaTableViewCell.m */ = {isa = PBXFileReference; fileEncoding = 4; lastKnownFileType = sourcecode.c.objc; name = BLCMediaTableViewCell.m; path = ../BLCMediaTableViewCell.m; sourceTree = "<group>"; };
		436E70D219DA578F00D5C1C1 /* NewBlocstagram.app */ = {isa = PBXFileReference; explicitFileType = wrapper.application; includeInIndex = 0; path = NewBlocstagram.app; sourceTree = BUILT_PRODUCTS_DIR; };
		436E70D519DA578F00D5C1C1 /* Foundation.framework */ = {isa = PBXFileReference; lastKnownFileType = wrapper.framework; name = Foundation.framework; path = System/Library/Frameworks/Foundation.framework; sourceTree = SDKROOT; };
		436E70D719DA578F00D5C1C1 /* CoreGraphics.framework */ = {isa = PBXFileReference; lastKnownFileType = wrapper.framework; name = CoreGraphics.framework; path = System/Library/Frameworks/CoreGraphics.framework; sourceTree = SDKROOT; };
		436E70D919DA578F00D5C1C1 /* UIKit.framework */ = {isa = PBXFileReference; lastKnownFileType = wrapper.framework; name = UIKit.framework; path = System/Library/Frameworks/UIKit.framework; sourceTree = SDKROOT; };
		436E70DD19DA578F00D5C1C1 /* NewBlocstagram-Info.plist */ = {isa = PBXFileReference; lastKnownFileType = text.plist.xml; path = "NewBlocstagram-Info.plist"; sourceTree = "<group>"; };
		436E70DF19DA578F00D5C1C1 /* en */ = {isa = PBXFileReference; lastKnownFileType = text.plist.strings; name = en; path = en.lproj/InfoPlist.strings; sourceTree = "<group>"; };
		436E70E119DA578F00D5C1C1 /* main.m */ = {isa = PBXFileReference; lastKnownFileType = sourcecode.c.objc; path = main.m; sourceTree = "<group>"; };
		436E70E319DA578F00D5C1C1 /* NewBlocstagram-Prefix.pch */ = {isa = PBXFileReference; lastKnownFileType = sourcecode.c.h; path = "NewBlocstagram-Prefix.pch"; sourceTree = "<group>"; };
		436E70E419DA578F00D5C1C1 /* BLCAppDelegate.h */ = {isa = PBXFileReference; lastKnownFileType = sourcecode.c.h; path = BLCAppDelegate.h; sourceTree = "<group>"; };
		436E70E519DA578F00D5C1C1 /* BLCAppDelegate.m */ = {isa = PBXFileReference; lastKnownFileType = sourcecode.c.objc; path = BLCAppDelegate.m; sourceTree = "<group>"; };
		436E70E719DA578F00D5C1C1 /* Images.xcassets */ = {isa = PBXFileReference; lastKnownFileType = folder.assetcatalog; path = Images.xcassets; sourceTree = "<group>"; };
		436E70ED19DA578F00D5C1C1 /* NewBlocstagramTests.xctest */ = {isa = PBXFileReference; explicitFileType = wrapper.cfbundle; includeInIndex = 0; path = NewBlocstagramTests.xctest; sourceTree = BUILT_PRODUCTS_DIR; };
		436E70EE19DA578F00D5C1C1 /* XCTest.framework */ = {isa = PBXFileReference; lastKnownFileType = wrapper.framework; name = XCTest.framework; path = Library/Frameworks/XCTest.framework; sourceTree = DEVELOPER_DIR; };
		436E70F619DA578F00D5C1C1 /* NewBlocstagramTests-Info.plist */ = {isa = PBXFileReference; lastKnownFileType = text.plist.xml; path = "NewBlocstagramTests-Info.plist"; sourceTree = "<group>"; };
		436E70F819DA578F00D5C1C1 /* en */ = {isa = PBXFileReference; lastKnownFileType = text.plist.strings; name = en; path = en.lproj/InfoPlist.strings; sourceTree = "<group>"; };
		436E70FA19DA578F00D5C1C1 /* NewBlocstagramTests.m */ = {isa = PBXFileReference; lastKnownFileType = sourcecode.c.objc; path = NewBlocstagramTests.m; sourceTree = "<group>"; };
		436E710519DA583600D5C1C1 /* 1.jpg */ = {isa = PBXFileReference; lastKnownFileType = image.jpeg; path = 1.jpg; sourceTree = "<group>"; };
		436E710619DA583600D5C1C1 /* 2.jpg */ = {isa = PBXFileReference; lastKnownFileType = image.jpeg; path = 2.jpg; sourceTree = "<group>"; };
		436E710719DA583600D5C1C1 /* 3.jpg */ = {isa = PBXFileReference; lastKnownFileType = image.jpeg; path = 3.jpg; sourceTree = "<group>"; };
		436E710819DA583600D5C1C1 /* 4.jpg */ = {isa = PBXFileReference; lastKnownFileType = image.jpeg; path = 4.jpg; sourceTree = "<group>"; };
		436E710919DA583600D5C1C1 /* 5.jpg */ = {isa = PBXFileReference; lastKnownFileType = image.jpeg; path = 5.jpg; sourceTree = "<group>"; };
		436E710A19DA583600D5C1C1 /* 6.jpg */ = {isa = PBXFileReference; lastKnownFileType = image.jpeg; path = 6.jpg; sourceTree = "<group>"; };
		436E710B19DA583600D5C1C1 /* 7.jpg */ = {isa = PBXFileReference; lastKnownFileType = image.jpeg; path = 7.jpg; sourceTree = "<group>"; };
		436E710C19DA583600D5C1C1 /* 8.jpg */ = {isa = PBXFileReference; lastKnownFileType = image.jpeg; path = 8.jpg; sourceTree = "<group>"; };
		436E710D19DA583600D5C1C1 /* 9.jpg */ = {isa = PBXFileReference; lastKnownFileType = image.jpeg; path = 9.jpg; sourceTree = "<group>"; };
		436E710E19DA583600D5C1C1 /* 10.jpg */ = {isa = PBXFileReference; lastKnownFileType = image.jpeg; path = 10.jpg; sourceTree = "<group>"; };
		436E711919DA587900D5C1C1 /* BLCImagesTableViewController.h */ = {isa = PBXFileReference; fileEncoding = 4; lastKnownFileType = sourcecode.c.h; path = BLCImagesTableViewController.h; sourceTree = "<group>"; };
		436E711A19DA587900D5C1C1 /* BLCImagesTableViewController.m */ = {isa = PBXFileReference; fileEncoding = 4; lastKnownFileType = sourcecode.c.objc; path = BLCImagesTableViewController.m; sourceTree = "<group>"; };
		4392005319DA60D8004B5E46 /* BLCUser.h */ = {isa = PBXFileReference; fileEncoding = 4; lastKnownFileType = sourcecode.c.h; path = BLCUser.h; sourceTree = "<group>"; };
		4392005419DA60D8004B5E46 /* BLCUser.m */ = {isa = PBXFileReference; fileEncoding = 4; lastKnownFileType = sourcecode.c.objc; path = BLCUser.m; sourceTree = "<group>"; };
		4392005619DA6137004B5E46 /* BLCMedia.h */ = {isa = PBXFileReference; fileEncoding = 4; lastKnownFileType = sourcecode.c.h; path = BLCMedia.h; sourceTree = "<group>"; };
		4392005719DA6137004B5E46 /* BLCMedia.m */ = {isa = PBXFileReference; fileEncoding = 4; lastKnownFileType = sourcecode.c.objc; path = BLCMedia.m; sourceTree = "<group>"; };
		4392005919DA6253004B5E46 /* BLCComment.h */ = {isa = PBXFileReference; fileEncoding = 4; lastKnownFileType = sourcecode.c.h; path = BLCComment.h; sourceTree = "<group>"; };
		4392005A19DA6253004B5E46 /* BLCComment.m */ = {isa = PBXFileReference; fileEncoding = 4; lastKnownFileType = sourcecode.c.objc; path = BLCComment.m; sourceTree = "<group>"; };
		4392005C19DA635F004B5E46 /* BLCDataSource.h */ = {isa = PBXFileReference; fileEncoding = 4; lastKnownFileType = sourcecode.c.h; path = BLCDataSource.h; sourceTree = "<group>"; };
		4392005D19DA635F004B5E46 /* BLCDataSource.m */ = {isa = PBXFileReference; fileEncoding = 4; lastKnownFileType = sourcecode.c.objc; path = BLCDataSource.m; sourceTree = "<group>"; };
		43B598D119E83C52002D35CE /* BLCLoginViewController.h */ = {isa = PBXFileReference; fileEncoding = 4; lastKnownFileType = sourcecode.c.h; path = BLCLoginViewController.h; sourceTree = "<group>"; };
		43B598D219E83C52002D35CE /* BLCLoginViewController.m */ = {isa = PBXFileReference; fileEncoding = 4; lastKnownFileType = sourcecode.c.objc; path = BLCLoginViewController.m; sourceTree = "<group>"; };
		43DC720619EF22860095EA72 /* BLCMediaFullScreenViewController.h */ = {isa = PBXFileReference; fileEncoding = 4; lastKnownFileType = sourcecode.c.h; path = BLCMediaFullScreenViewController.h; sourceTree = SOURCE_ROOT; };
		43DC720719EF22860095EA72 /* BLCMediaFullScreenViewController.m */ = {isa = PBXFileReference; fileEncoding = 4; lastKnownFileType = sourcecode.c.objc; path = BLCMediaFullScreenViewController.m; sourceTree = SOURCE_ROOT; };
		43DC720919EF67C50095EA72 /* BLCMediaFullScreenAnimator.h */ = {isa = PBXFileReference; fileEncoding = 4; lastKnownFileType = sourcecode.c.h; name = BLCMediaFullScreenAnimator.h; path = ../BLCMediaFullScreenAnimator.h; sourceTree = "<group>"; };
		43DC720A19EF67C50095EA72 /* BLCMediaFullScreenAnimator.m */ = {isa = PBXFileReference; fileEncoding = 4; lastKnownFileType = sourcecode.c.objc; name = BLCMediaFullScreenAnimator.m; path = ../BLCMediaFullScreenAnimator.m; sourceTree = "<group>"; };
		96A0FE12C1D53A709E96081C /* Pods.debug.xcconfig */ = {isa = PBXFileReference; includeInIndex = 1; lastKnownFileType = text.xcconfig; name = Pods.debug.xcconfig; path = "Pods/Target Support Files/Pods/Pods.debug.xcconfig"; sourceTree = "<group>"; };
/* End PBXFileReference section */

/* Begin PBXFrameworksBuildPhase section */
		436E70CF19DA578F00D5C1C1 /* Frameworks */ = {
			isa = PBXFrameworksBuildPhase;
			buildActionMask = 2147483647;
			files = (
				436E70D819DA578F00D5C1C1 /* CoreGraphics.framework in Frameworks */,
				436E70DA19DA578F00D5C1C1 /* UIKit.framework in Frameworks */,
				436E70D619DA578F00D5C1C1 /* Foundation.framework in Frameworks */,
				7680921E7D731F5AFEEEA412 /* libPods.a in Frameworks */,
			);
			runOnlyForDeploymentPostprocessing = 0;
		};
		436E70EA19DA578F00D5C1C1 /* Frameworks */ = {
			isa = PBXFrameworksBuildPhase;
			buildActionMask = 2147483647;
			files = (
				436E70EF19DA578F00D5C1C1 /* XCTest.framework in Frameworks */,
				436E70F119DA578F00D5C1C1 /* UIKit.framework in Frameworks */,
				436E70F019DA578F00D5C1C1 /* Foundation.framework in Frameworks */,
			);
			runOnlyForDeploymentPostprocessing = 0;
		};
/* End PBXFrameworksBuildPhase section */

/* Begin PBXGroup section */
		3968B57A387FBA1AE3C3A693 /* Pods */ = {
			isa = PBXGroup;
			children = (
				96A0FE12C1D53A709E96081C /* Pods.debug.xcconfig */,
				0BD3815AE80EDA022698F9ED /* Pods.release.xcconfig */,
			);
			name = Pods;
			sourceTree = "<group>";
		};
		436E70C919DA578F00D5C1C1 = {
			isa = PBXGroup;
			children = (
				436E70DB19DA578F00D5C1C1 /* NewBlocstagram */,
				436E70F419DA578F00D5C1C1 /* NewBlocstagramTests */,
				436E70D419DA578F00D5C1C1 /* Frameworks */,
				436E70D319DA578F00D5C1C1 /* Products */,
				3968B57A387FBA1AE3C3A693 /* Pods */,
			);
			sourceTree = "<group>";
		};
		436E70D319DA578F00D5C1C1 /* Products */ = {
			isa = PBXGroup;
			children = (
				436E70D219DA578F00D5C1C1 /* NewBlocstagram.app */,
				436E70ED19DA578F00D5C1C1 /* NewBlocstagramTests.xctest */,
			);
			name = Products;
			sourceTree = "<group>";
		};
		436E70D419DA578F00D5C1C1 /* Frameworks */ = {
			isa = PBXGroup;
			children = (
				436E70D519DA578F00D5C1C1 /* Foundation.framework */,
				436E70D719DA578F00D5C1C1 /* CoreGraphics.framework */,
				436E70D919DA578F00D5C1C1 /* UIKit.framework */,
				436E70EE19DA578F00D5C1C1 /* XCTest.framework */,
				04E77C6F73C489E92AC74366 /* libPods.a */,
			);
			name = Frameworks;
			sourceTree = "<group>";
		};
		436E70DB19DA578F00D5C1C1 /* NewBlocstagram */ = {
			isa = PBXGroup;
			children = (
				43DC720919EF67C50095EA72 /* BLCMediaFullScreenAnimator.h */,
				43DC720A19EF67C50095EA72 /* BLCMediaFullScreenAnimator.m */,
				43DC720619EF22860095EA72 /* BLCMediaFullScreenViewController.h */,
				43DC720719EF22860095EA72 /* BLCMediaFullScreenViewController.m */,
				436E70E419DA578F00D5C1C1 /* BLCAppDelegate.h */,
				436E70E519DA578F00D5C1C1 /* BLCAppDelegate.m */,
				43474AEF19DCAE0F006E546D /* BLCMediaTableViewCell.h */,
				43474AF019DCAE0F006E546D /* BLCMediaTableViewCell.m */,
				436E711919DA587900D5C1C1 /* BLCImagesTableViewController.h */,
				436E711A19DA587900D5C1C1 /* BLCImagesTableViewController.m */,
				4392005619DA6137004B5E46 /* BLCMedia.h */,
				4392005719DA6137004B5E46 /* BLCMedia.m */,
				4392005919DA6253004B5E46 /* BLCComment.h */,
				4392005A19DA6253004B5E46 /* BLCComment.m */,
				4392005C19DA635F004B5E46 /* BLCDataSource.h */,
				4392005D19DA635F004B5E46 /* BLCDataSource.m */,
				43B598D119E83C52002D35CE /* BLCLoginViewController.h */,
				43B598D219E83C52002D35CE /* BLCLoginViewController.m */,
				4392005319DA60D8004B5E46 /* BLCUser.h */,
				4392005419DA60D8004B5E46 /* BLCUser.m */,
				436E710419DA57EF00D5C1C1 /* Images */,
				436E70E719DA578F00D5C1C1 /* Images.xcassets */,
				436E70DC19DA578F00D5C1C1 /* Supporting Files */,
			);
			path = NewBlocstagram;
			sourceTree = "<group>";
		};
		436E70DC19DA578F00D5C1C1 /* Supporting Files */ = {
			isa = PBXGroup;
			children = (
				436E70DD19DA578F00D5C1C1 /* NewBlocstagram-Info.plist */,
				436E70DE19DA578F00D5C1C1 /* InfoPlist.strings */,
				436E70E119DA578F00D5C1C1 /* main.m */,
				436E70E319DA578F00D5C1C1 /* NewBlocstagram-Prefix.pch */,
			);
			name = "Supporting Files";
			sourceTree = "<group>";
		};
		436E70F419DA578F00D5C1C1 /* NewBlocstagramTests */ = {
			isa = PBXGroup;
			children = (
				436E70FA19DA578F00D5C1C1 /* NewBlocstagramTests.m */,
				436E70F519DA578F00D5C1C1 /* Supporting Files */,
			);
			path = NewBlocstagramTests;
			sourceTree = "<group>";
		};
		436E70F519DA578F00D5C1C1 /* Supporting Files */ = {
			isa = PBXGroup;
			children = (
				436E70F619DA578F00D5C1C1 /* NewBlocstagramTests-Info.plist */,
				436E70F719DA578F00D5C1C1 /* InfoPlist.strings */,
			);
			name = "Supporting Files";
			sourceTree = "<group>";
		};
		436E710419DA57EF00D5C1C1 /* Images */ = {
			isa = PBXGroup;
			children = (
				436E710519DA583600D5C1C1 /* 1.jpg */,
				436E710619DA583600D5C1C1 /* 2.jpg */,
				436E710719DA583600D5C1C1 /* 3.jpg */,
				436E710819DA583600D5C1C1 /* 4.jpg */,
				436E710919DA583600D5C1C1 /* 5.jpg */,
				436E710A19DA583600D5C1C1 /* 6.jpg */,
				436E710B19DA583600D5C1C1 /* 7.jpg */,
				436E710C19DA583600D5C1C1 /* 8.jpg */,
				436E710D19DA583600D5C1C1 /* 9.jpg */,
				436E710E19DA583600D5C1C1 /* 10.jpg */,
			);
			name = Images;
			sourceTree = "<group>";
		};
/* End PBXGroup section */

/* Begin PBXNativeTarget section */
		436E70D119DA578F00D5C1C1 /* NewBlocstagram */ = {
			isa = PBXNativeTarget;
			buildConfigurationList = 436E70FE19DA578F00D5C1C1 /* Build configuration list for PBXNativeTarget "NewBlocstagram" */;
			buildPhases = (
				80BC4228A3EABD46E1E1B8EF /* Check Pods Manifest.lock */,
				436E70CE19DA578F00D5C1C1 /* Sources */,
				436E70CF19DA578F00D5C1C1 /* Frameworks */,
				436E70D019DA578F00D5C1C1 /* Resources */,
				454A4B5779D2AD2F2524B49D /* Copy Pods Resources */,
			);
			buildRules = (
			);
			dependencies = (
			);
			name = NewBlocstagram;
			productName = NewBlocstagram;
			productReference = 436E70D219DA578F00D5C1C1 /* NewBlocstagram.app */;
			productType = "com.apple.product-type.application";
		};
		436E70EC19DA578F00D5C1C1 /* NewBlocstagramTests */ = {
			isa = PBXNativeTarget;
			buildConfigurationList = 436E710119DA578F00D5C1C1 /* Build configuration list for PBXNativeTarget "NewBlocstagramTests" */;
			buildPhases = (
				436E70E919DA578F00D5C1C1 /* Sources */,
				436E70EA19DA578F00D5C1C1 /* Frameworks */,
				436E70EB19DA578F00D5C1C1 /* Resources */,
			);
			buildRules = (
			);
			dependencies = (
				436E70F319DA578F00D5C1C1 /* PBXTargetDependency */,
			);
			name = NewBlocstagramTests;
			productName = NewBlocstagramTests;
			productReference = 436E70ED19DA578F00D5C1C1 /* NewBlocstagramTests.xctest */;
			productType = "com.apple.product-type.bundle.unit-test";
		};
/* End PBXNativeTarget section */

/* Begin PBXProject section */
		436E70CA19DA578F00D5C1C1 /* Project object */ = {
			isa = PBXProject;
			attributes = {
				CLASSPREFIX = BLC;
				LastUpgradeCheck = 0510;
				ORGANIZATIONNAME = "Black Rail Capital";
				TargetAttributes = {
					436E70D119DA578F00D5C1C1 = {
						DevelopmentTeam = Y7HYLZC2H4;
					};
					436E70EC19DA578F00D5C1C1 = {
						TestTargetID = 436E70D119DA578F00D5C1C1;
					};
				};
			};
			buildConfigurationList = 436E70CD19DA578F00D5C1C1 /* Build configuration list for PBXProject "NewBlocstagram" */;
			compatibilityVersion = "Xcode 3.2";
			developmentRegion = English;
			hasScannedForEncodings = 0;
			knownRegions = (
				en,
			);
			mainGroup = 436E70C919DA578F00D5C1C1;
			productRefGroup = 436E70D319DA578F00D5C1C1 /* Products */;
			projectDirPath = "";
			projectRoot = "";
			targets = (
				436E70D119DA578F00D5C1C1 /* NewBlocstagram */,
				436E70EC19DA578F00D5C1C1 /* NewBlocstagramTests */,
			);
		};
/* End PBXProject section */

/* Begin PBXResourcesBuildPhase section */
		436E70D019DA578F00D5C1C1 /* Resources */ = {
			isa = PBXResourcesBuildPhase;
			buildActionMask = 2147483647;
			files = (
				436E711719DA583600D5C1C1 /* 9.jpg in Resources */,
				436E711619DA583600D5C1C1 /* 8.jpg in Resources */,
				436E711219DA583600D5C1C1 /* 4.jpg in Resources */,
				436E711119DA583600D5C1C1 /* 3.jpg in Resources */,
				436E711419DA583600D5C1C1 /* 6.jpg in Resources */,
				436E710F19DA583600D5C1C1 /* 1.jpg in Resources */,
				436E70E019DA578F00D5C1C1 /* InfoPlist.strings in Resources */,
				436E711319DA583600D5C1C1 /* 5.jpg in Resources */,
				436E711519DA583600D5C1C1 /* 7.jpg in Resources */,
				436E711019DA583600D5C1C1 /* 2.jpg in Resources */,
				436E711819DA583600D5C1C1 /* 10.jpg in Resources */,
				436E70E819DA578F00D5C1C1 /* Images.xcassets in Resources */,
			);
			runOnlyForDeploymentPostprocessing = 0;
		};
		436E70EB19DA578F00D5C1C1 /* Resources */ = {
			isa = PBXResourcesBuildPhase;
			buildActionMask = 2147483647;
			files = (
				436E70F919DA578F00D5C1C1 /* InfoPlist.strings in Resources */,
			);
			runOnlyForDeploymentPostprocessing = 0;
		};
/* End PBXResourcesBuildPhase section */

/* Begin PBXShellScriptBuildPhase section */
		454A4B5779D2AD2F2524B49D /* Copy Pods Resources */ = {
			isa = PBXShellScriptBuildPhase;
			buildActionMask = 2147483647;
			files = (
			);
			inputPaths = (
			);
			name = "Copy Pods Resources";
			outputPaths = (
			);
			runOnlyForDeploymentPostprocessing = 0;
			shellPath = /bin/sh;
			shellScript = "\"${SRCROOT}/Pods/Target Support Files/Pods/Pods-resources.sh\"\n";
			showEnvVarsInLog = 0;
		};
		80BC4228A3EABD46E1E1B8EF /* Check Pods Manifest.lock */ = {
			isa = PBXShellScriptBuildPhase;
			buildActionMask = 2147483647;
			files = (
			);
			inputPaths = (
			);
			name = "Check Pods Manifest.lock";
			outputPaths = (
			);
			runOnlyForDeploymentPostprocessing = 0;
			shellPath = /bin/sh;
			shellScript = "diff \"${PODS_ROOT}/../Podfile.lock\" \"${PODS_ROOT}/Manifest.lock\" > /dev/null\nif [[ $? != 0 ]] ; then\n    cat << EOM\nerror: The sandbox is not in sync with the Podfile.lock. Run 'pod install' or update your CocoaPods installation.\nEOM\n    exit 1\nfi\n";
			showEnvVarsInLog = 0;
		};
/* End PBXShellScriptBuildPhase section */

/* Begin PBXSourcesBuildPhase section */
		436E70CE19DA578F00D5C1C1 /* Sources */ = {
			isa = PBXSourcesBuildPhase;
			buildActionMask = 2147483647;
			files = (
				4392005519DA60D8004B5E46 /* BLCUser.m in Sources */,
				43DC720B19EF67C50095EA72 /* BLCMediaFullScreenAnimator.m in Sources */,
				436E70E619DA578F00D5C1C1 /* BLCAppDelegate.m in Sources */,
				436E70E219DA578F00D5C1C1 /* main.m in Sources */,
				436E711B19DA587900D5C1C1 /* BLCImagesTableViewController.m in Sources */,
				4392005819DA6137004B5E46 /* BLCMedia.m in Sources */,
				4392005B19DA6253004B5E46 /* BLCComment.m in Sources */,
				43DC720819EF22860095EA72 /* BLCMediaFullScreenViewController.m in Sources */,
				43474AF119DCAE0F006E546D /* BLCMediaTableViewCell.m in Sources */,
				4392005E19DA635F004B5E46 /* BLCDataSource.m in Sources */,
				43B598D319E83C52002D35CE /* BLCLoginViewController.m in Sources */,
			);
			runOnlyForDeploymentPostprocessing = 0;
		};
		436E70E919DA578F00D5C1C1 /* Sources */ = {
			isa = PBXSourcesBuildPhase;
			buildActionMask = 2147483647;
			files = (
				436E70FB19DA578F00D5C1C1 /* NewBlocstagramTests.m in Sources */,
			);
			runOnlyForDeploymentPostprocessing = 0;
		};
/* End PBXSourcesBuildPhase section */

/* Begin PBXTargetDependency section */
		436E70F319DA578F00D5C1C1 /* PBXTargetDependency */ = {
			isa = PBXTargetDependency;
			target = 436E70D119DA578F00D5C1C1 /* NewBlocstagram */;
			targetProxy = 436E70F219DA578F00D5C1C1 /* PBXContainerItemProxy */;
		};
/* End PBXTargetDependency section */

/* Begin PBXVariantGroup section */
		436E70DE19DA578F00D5C1C1 /* InfoPlist.strings */ = {
			isa = PBXVariantGroup;
			children = (
				436E70DF19DA578F00D5C1C1 /* en */,
			);
			name = InfoPlist.strings;
			sourceTree = "<group>";
		};
		436E70F719DA578F00D5C1C1 /* InfoPlist.strings */ = {
			isa = PBXVariantGroup;
			children = (
				436E70F819DA578F00D5C1C1 /* en */,
			);
			name = InfoPlist.strings;
			sourceTree = "<group>";
		};
/* End PBXVariantGroup section */

/* Begin XCBuildConfiguration section */
		436E70FC19DA578F00D5C1C1 /* Debug */ = {
			isa = XCBuildConfiguration;
			buildSettings = {
				ALWAYS_SEARCH_USER_PATHS = NO;
				CLANG_CXX_LANGUAGE_STANDARD = "gnu++0x";
				CLANG_CXX_LIBRARY = "libc++";
				CLANG_ENABLE_MODULES = YES;
				CLANG_ENABLE_OBJC_ARC = YES;
				CLANG_WARN_BOOL_CONVERSION = YES;
				CLANG_WARN_CONSTANT_CONVERSION = YES;
				CLANG_WARN_DIRECT_OBJC_ISA_USAGE = YES_ERROR;
				CLANG_WARN_EMPTY_BODY = YES;
				CLANG_WARN_ENUM_CONVERSION = YES;
				CLANG_WARN_INT_CONVERSION = YES;
				CLANG_WARN_OBJC_ROOT_CLASS = YES_ERROR;
				CLANG_WARN__DUPLICATE_METHOD_MATCH = YES;
				"CODE_SIGN_IDENTITY[sdk=iphoneos*]" = "iPhone Developer";
				COPY_PHASE_STRIP = NO;
				GCC_C_LANGUAGE_STANDARD = gnu99;
				GCC_DYNAMIC_NO_PIC = NO;
				GCC_OPTIMIZATION_LEVEL = 0;
				GCC_PREPROCESSOR_DEFINITIONS = (
					"DEBUG=1",
					"$(inherited)",
				);
				GCC_SYMBOLS_PRIVATE_EXTERN = NO;
				GCC_WARN_64_TO_32_BIT_CONVERSION = YES;
				GCC_WARN_ABOUT_RETURN_TYPE = YES_ERROR;
				GCC_WARN_UNDECLARED_SELECTOR = YES;
				GCC_WARN_UNINITIALIZED_AUTOS = YES_AGGRESSIVE;
				GCC_WARN_UNUSED_FUNCTION = YES;
				GCC_WARN_UNUSED_VARIABLE = YES;
				IPHONEOS_DEPLOYMENT_TARGET = 7.1;
				ONLY_ACTIVE_ARCH = YES;
				SDKROOT = iphoneos;
			};
			name = Debug;
		};
		436E70FD19DA578F00D5C1C1 /* Release */ = {
			isa = XCBuildConfiguration;
			buildSettings = {
				ALWAYS_SEARCH_USER_PATHS = NO;
				CLANG_CXX_LANGUAGE_STANDARD = "gnu++0x";
				CLANG_CXX_LIBRARY = "libc++";
				CLANG_ENABLE_MODULES = YES;
				CLANG_ENABLE_OBJC_ARC = YES;
				CLANG_WARN_BOOL_CONVERSION = YES;
				CLANG_WARN_CONSTANT_CONVERSION = YES;
				CLANG_WARN_DIRECT_OBJC_ISA_USAGE = YES_ERROR;
				CLANG_WARN_EMPTY_BODY = YES;
				CLANG_WARN_ENUM_CONVERSION = YES;
				CLANG_WARN_INT_CONVERSION = YES;
				CLANG_WARN_OBJC_ROOT_CLASS = YES_ERROR;
				CLANG_WARN__DUPLICATE_METHOD_MATCH = YES;
				"CODE_SIGN_IDENTITY[sdk=iphoneos*]" = "iPhone Developer";
				COPY_PHASE_STRIP = YES;
				ENABLE_NS_ASSERTIONS = NO;
				GCC_C_LANGUAGE_STANDARD = gnu99;
				GCC_WARN_64_TO_32_BIT_CONVERSION = YES;
				GCC_WARN_ABOUT_RETURN_TYPE = YES_ERROR;
				GCC_WARN_UNDECLARED_SELECTOR = YES;
				GCC_WARN_UNINITIALIZED_AUTOS = YES_AGGRESSIVE;
				GCC_WARN_UNUSED_FUNCTION = YES;
				GCC_WARN_UNUSED_VARIABLE = YES;
				IPHONEOS_DEPLOYMENT_TARGET = 7.1;
				SDKROOT = iphoneos;
				VALIDATE_PRODUCT = YES;
			};
			name = Release;
		};
		436E70FF19DA578F00D5C1C1 /* Debug */ = {
			isa = XCBuildConfiguration;
			baseConfigurationReference = 96A0FE12C1D53A709E96081C /* Pods.debug.xcconfig */;
			buildSettings = {
				ASSETCATALOG_COMPILER_APPICON_NAME = AppIcon;
				ASSETCATALOG_COMPILER_LAUNCHIMAGE_NAME = LaunchImage;
				CODE_SIGN_IDENTITY = "iPhone Developer";
				"CODE_SIGN_IDENTITY[sdk=iphoneos*]" = "iPhone Developer";
				GCC_PRECOMPILE_PREFIX_HEADER = YES;
				GCC_PREFIX_HEADER = "NewBlocstagram/NewBlocstagram-Prefix.pch";
				INFOPLIST_FILE = "NewBlocstagram/NewBlocstagram-Info.plist";
				IPHONEOS_DEPLOYMENT_TARGET = 7.1;
				PRODUCT_NAME = "$(TARGET_NAME)";
				PROVISIONING_PROFILE = "";
				TARGETED_DEVICE_FAMILY = 1;
				WRAPPER_EXTENSION = app;
			};
			name = Debug;
		};
		436E710019DA578F00D5C1C1 /* Release */ = {
			isa = XCBuildConfiguration;
			baseConfigurationReference = 0BD3815AE80EDA022698F9ED /* Pods.release.xcconfig */;
			buildSettings = {
				ASSETCATALOG_COMPILER_APPICON_NAME = AppIcon;
				ASSETCATALOG_COMPILER_LAUNCHIMAGE_NAME = LaunchImage;
				CODE_SIGN_IDENTITY = "iPhone Developer";
				"CODE_SIGN_IDENTITY[sdk=iphoneos*]" = "iPhone Developer";
				GCC_PRECOMPILE_PREFIX_HEADER = YES;
				GCC_PREFIX_HEADER = "NewBlocstagram/NewBlocstagram-Prefix.pch";
				INFOPLIST_FILE = "NewBlocstagram/NewBlocstagram-Info.plist";
				IPHONEOS_DEPLOYMENT_TARGET = 7.1;
				PRODUCT_NAME = "$(TARGET_NAME)";
				PROVISIONING_PROFILE = "";
				TARGETED_DEVICE_FAMILY = 1;
				WRAPPER_EXTENSION = app;
			};
			name = Release;
		};
		436E710219DA578F00D5C1C1 /* Debug */ = {
			isa = XCBuildConfiguration;
			buildSettings = {
				BUNDLE_LOADER = "$(BUILT_PRODUCTS_DIR)/NewBlocstagram.app/NewBlocstagram";
				FRAMEWORK_SEARCH_PATHS = (
					"$(SDKROOT)/Developer/Library/Frameworks",
					"$(inherited)",
					"$(DEVELOPER_FRAMEWORKS_DIR)",
				);
				GCC_PRECOMPILE_PREFIX_HEADER = YES;
				GCC_PREFIX_HEADER = "NewBlocstagram/NewBlocstagram-Prefix.pch";
				GCC_PREPROCESSOR_DEFINITIONS = (
					"DEBUG=1",
					"$(inherited)",
				);
				INFOPLIST_FILE = "NewBlocstagramTests/NewBlocstagramTests-Info.plist";
				PRODUCT_NAME = "$(TARGET_NAME)";
				TEST_HOST = "$(BUNDLE_LOADER)";
				WRAPPER_EXTENSION = xctest;
			};
			name = Debug;
		};
		436E710319DA578F00D5C1C1 /* Release */ = {
			isa = XCBuildConfiguration;
			buildSettings = {
				BUNDLE_LOADER = "$(BUILT_PRODUCTS_DIR)/NewBlocstagram.app/NewBlocstagram";
				FRAMEWORK_SEARCH_PATHS = (
					"$(SDKROOT)/Developer/Library/Frameworks",
					"$(inherited)",
					"$(DEVELOPER_FRAMEWORKS_DIR)",
				);
				GCC_PRECOMPILE_PREFIX_HEADER = YES;
				GCC_PREFIX_HEADER = "NewBlocstagram/NewBlocstagram-Prefix.pch";
				INFOPLIST_FILE = "NewBlocstagramTests/NewBlocstagramTests-Info.plist";
				PRODUCT_NAME = "$(TARGET_NAME)";
				TEST_HOST = "$(BUNDLE_LOADER)";
				WRAPPER_EXTENSION = xctest;
			};
			name = Release;
		};
/* End XCBuildConfiguration section */

/* Begin XCConfigurationList section */
		436E70CD19DA578F00D5C1C1 /* Build configuration list for PBXProject "NewBlocstagram" */ = {
			isa = XCConfigurationList;
			buildConfigurations = (
				436E70FC19DA578F00D5C1C1 /* Debug */,
				436E70FD19DA578F00D5C1C1 /* Release */,
			);
			defaultConfigurationIsVisible = 0;
			defaultConfigurationName = Release;
		};
		436E70FE19DA578F00D5C1C1 /* Build configuration list for PBXNativeTarget "NewBlocstagram" */ = {
			isa = XCConfigurationList;
			buildConfigurations = (
				436E70FF19DA578F00D5C1C1 /* Debug */,
				436E710019DA578F00D5C1C1 /* Release */,
			);
			defaultConfigurationIsVisible = 0;
			defaultConfigurationName = Release;
		};
		436E710119DA578F00D5C1C1 /* Build configuration list for PBXNativeTarget "NewBlocstagramTests" */ = {
			isa = XCConfigurationList;
			buildConfigurations = (
				436E710219DA578F00D5C1C1 /* Debug */,
				436E710319DA578F00D5C1C1 /* Release */,
			);
			defaultConfigurationIsVisible = 0;
			defaultConfigurationName = Release;
		};
/* End XCConfigurationList section */
	};
	rootObject = 436E70CA19DA578F00D5C1C1 /* Project object */;
}
